# THIS IS AN AUTOGENERATED FILE. DO NOT EDIT THIS FILE DIRECTLY.
# yarn lockfile v1


async@~0.2.9:
  version "0.2.10"
  resolved "https://registry.yarnpkg.com/async/-/async-0.2.10.tgz#b6bbe0b0674b9d719708ca38de8c237cb526c3d1"
  integrity sha512-eAkdoKxU6/LkKDBzLpT+t6Ff5EtfSF4wx1WfJiPEEV7WNLnDaRXk0oVysiEPm262roaachGexwUv94WhSgN5TQ==

binpacking@~0.0.1:
  version "0.0.1"
  resolved "https://registry.yarnpkg.com/binpacking/-/binpacking-0.0.1.tgz#e82e43e8eb17064681e43f9c8dbc731e317d1892"
  integrity sha512-egOC0ynCAu+4XMry+CR5/GVQYcZdWi5QAJcO4t35Z957Xniu+bVJFRNOr3HiYd3UXEwKxk56Q1pyOxA6+rx1lg==

glob@~3.2.6:
  version "3.2.11"
  resolved "https://registry.yarnpkg.com/glob/-/glob-3.2.11.tgz#4a973f635b9190f715d10987d5c00fd2815ebe3d"
  integrity sha512-hVb0zwEZwC1FXSKRPFTeOtN7AArJcJlI6ULGLtrstaswKNlrTJqAA+1lYlSUop4vjA423xlBzqfVS3iWGlqJ+g==
  dependencies:
    inherits "2"
    minimatch "0.3"

inherits@2:
  version "2.0.4"
  resolved "https://registry.yarnpkg.com/inherits/-/inherits-2.0.4.tgz#0fa2c64f932917c3433a0ded55363aae37416b7c"
  integrity sha512-k/vGaX4/Yla3WzyMCvTQOXYeIHvqOKtnqBduzTHpzpQZzAskKMhZ2K+EnBiSM9zGSoIFeMpXKxa4dYeZIQqewQ==

lru-cache@2:
  version "2.7.3"
  resolved "https://registry.yarnpkg.com/lru-cache/-/lru-cache-2.7.3.tgz#6d4524e8b955f95d4f5b58851ce21dd72fb4e952"
  integrity sha512-WpibWJ60c3AgAz8a2iYErDrcT2C7OmKnsWhIcHOjkUHFjkXncJhtLxNSqUmxRxRunpb5I8Vprd7aNSd2NtksJQ==

minimatch@0.3:
  version "0.3.0"
  resolved "https://registry.yarnpkg.com/minimatch/-/minimatch-0.3.0.tgz#275d8edaac4f1bb3326472089e7949c8394699dd"
  integrity sha512-WFX1jI1AaxNTZVOHLBVazwTWKaQjoykSzCBNXB72vDTCzopQGtyP91tKdFK5cv1+qMwPyiTu1HqUriqplI8pcA==
  dependencies:
    lru-cache "2"
    sigmund "~1.0.0"

minimist@~0.0.1:
  version "0.0.10"
  resolved "https://registry.yarnpkg.com/minimist/-/minimist-0.0.10.tgz#de3f98543dbf96082be48ad1a0c7cda836301dcf"
  integrity sha512-iotkTvxc+TwOm5Ieim8VnSNvCDjCK9S8G3scJ50ZthspSxa7jx50jkhYduuAtAjvfDUwSgOwf8+If99AlOEhyw==

mustache@~0.7.2:
  version "0.7.3"
  resolved "https://registry.yarnpkg.com/mustache/-/mustache-0.7.3.tgz#248d68d0b1050397848fa634c2446c18f30490e9"
  integrity sha512-Og/1AGzDp6b/9eYdgjn60HTQeIEKU8luLeYmLdsQDMTdhn385XH+IzcFy+zp9pmTHJt399KsIJ4MEtlNRLpOfw==

optimist@~0.6.0:
  version "0.6.1"
  resolved "https://registry.yarnpkg.com/optimist/-/optimist-0.6.1.tgz#da3ea74686fa21a19a111c326e90eb15a0196686"
  integrity sha512-snN4O4TkigujZphWLN0E//nQmm7790RYaE53DdL7ZYwee2D8DDo9/EyYiKUfN3rneWUjhJnueija3G9I2i0h3g==
  dependencies:
    minimist "~0.0.1"
    wordwrap "~0.0.2"

"platform-command@git+https://gitlab.com/gitlabdev/platform-command.git":
  version "0.0.1"
  resolved "git+https://gitlab.com/gitlabdev/platform-command.git#3f02478b2cbe88d516c0d17b2c221d3c3b96e16f"

sigmund@~1.0.0:
  version "1.0.1"
  resolved "https://registry.yarnpkg.com/sigmund/-/sigmund-1.0.1.tgz#3ff21f198cad2175f9f3b781853fd94d0d19b590"
  integrity sha512-fCvEXfh6NWpm+YSuY2bpXb/VIihqWA6hLsgboC+0nl71Q7N7o2eaCW8mJa/NLvQhs6jpd3VZV4UiUQlV6+lc8g==

spritesheet-js@^1.2.8:
  version "1.2.8"
  resolved "https://registry.yarnpkg.com/spritesheet-js/-/spritesheet-js-1.2.8.tgz#7674633cf5e29dd93041ab8febb899f102b0d10d"
  integrity sha512-9FLHBlG6VlbNNDXYaUtxV8s74BPwW1QyqKFmBsaxu7Woa8BbczBg9/qEE/W9hbUYtCU5LAGW0lAgbzK7LjIruw==
  dependencies:
    async "~0.2.9"
    binpacking "~0.0.1"
    glob "~3.2.6"
    mustache "~0.7.2"
    optimist "~0.6.0"
    platform-command "git+https://gitlab.com/gitlabdev/platform-command.git"
    underscore "1.9.2"

underscore@1.9.2:
  version "1.9.2"
  resolved "https://registry.yarnpkg.com/underscore/-/underscore-1.9.2.tgz#0c8d6f536d6f378a5af264a72f7bec50feb7cf2f"
  integrity sha512-D39qtimx0c1fI3ya1Lnhk3E9nONswSKhnffBI0gME9C99fYOkNi04xs8K6pePLhvl1frbDemkaBQ5ikWllR2HQ==

wordwrap@~0.0.2:
  version "0.0.3"
  resolved "https://registry.yarnpkg.com/wordwrap/-/wordwrap-0.0.3.tgz#a3d5da6cd5c0bc0008d37234bbaf1bed63059107"
  integrity sha512-1tMA907+V4QmxV7dbRvb4/8MaRALK6q9Abid3ndMYnbyo8piisCmeONVqVSXqQA3KaP4SLt5b7ud6E2sqP8TFw==
